
Microsoft Visual Studio Solution File, Format Version 12.00
# Visual Studio Version 16
VisualStudioVersion = 16.0.29403.142
MinimumVisualStudioVersion = 10.0.40219.1
Project("{9A19103F-16F7-4668-BE54-9A1E7A4F7556}") = "eCosmetics", "eCosmetics\eCosmetics.csproj", "{427FE674-2531-4790-8D5E-E8ACB6684F0C}"
EndProject
Global
	GlobalSection(SolutionConfigurationPlatforms) = preSolution
		Debug|Any CPU = Debug|Any CPU
		Release|Any CPU = Release|Any CPU
	EndGlobalSection
	GlobalSection(ProjectConfigurationPlatforms) = postSolution
		{427FE674-2531-4790-8D5E-E8ACB6684F0C}.Debug|Any CPU.ActiveCfg = Debug|Any CPU
		{427FE674-2531-4790-8D5E-E8ACB6684F0C}.Debug|Any CPU.Build.0 = Debug|Any CPU
		{427FE674-2531-4790-8D5E-E8ACB6684F0C}.Release|Any CPU.ActiveCfg = Release|Any CPU
		{427FE674-2531-4790-8D5E-E8ACB6684F0C}.Release|Any CPU.Build.0 = Release|Any CPU
	EndGlobalSection
	GlobalSection(SolutionProperties) = preSolution
		HideSolutionNode = FALSE
	EndGlobalSection
	GlobalSection(ExtensibilityGlobals) = postSolution
		SolutionGuid = {DEF252FE-60B4-45A4-A093-E3583CDF412B}
	EndGlobalSection
EndGlobal
